{
  "name": "clase_3",
  "version": "1.0.0",
  "lockfileVersion": 2,
  "requires": true,
  "packages": {
    "": {
      "name": "clase_3",
      "version": "1.0.0",
      "license": "ISC",
      "dependencies": {
        "moment": "^2.29.3",
        "zodiac-signs": "^1.1.0"
      }
    },
    "node_modules/moment": {
      "version": "2.29.3",
      "resolved": "https://registry.npmjs.org/moment/-/moment-2.29.3.tgz",
      "integrity": "sha512-c6YRvhEo//6T2Jz/vVtYzqBzwvPT95JBQ+smCytzf7c50oMZRsR/a4w88aD34I+/QVSfnoAnSBFPJHItlOMJVw==",
      "engines": {
        "node": "*"
      }
    },
    "node_modules/zodiac-signs": {
      "version": "1.1.0",
      "resolved": "https://registry.npmjs.org/zodiac-signs/-/zodiac-signs-1.1.0.tgz",
      "integrity": "sha512-syyPxFcF5CnSmfXw1DU3NEUt7Pk3gccOCNBhEtEyJB0VTySge6o21F+K38YfqcM5mkD59DLuxFB8/vzZ7E1vKQ=="
    }
  },
  "dependencies": {
    "moment": {
      "version": "2.29.3",
      "resolved": "https://registry.npmjs.org/moment/-/moment-2.29.3.tgz",
      "integrity": "sha512-c6YRvhEo//6T2Jz/vVtYzqBzwvPT95JBQ+smCytzf7c50oMZRsR/a4w88aD34I+/QVSfnoAnSBFPJHItlOMJVw=="
    },
    "zodiac-signs": {
      "version": "1.1.0",
      "resolved": "https://registry.npmjs.org/zodiac-signs/-/zodiac-signs-1.1.0.tgz",
      "integrity": "sha512-syyPxFcF5CnSmfXw1DU3NEUt7Pk3gccOCNBhEtEyJB0VTySge6o21F+K38YfqcM5mkD59DLuxFB8/vzZ7E1vKQ=="
    }
  }
}
